
Microsoft Visual Studio Solution File, Format Version 12.00
# Visual Studio Version 17
VisualStudioVersion = 17.4.33205.214
MinimumVisualStudioVersion = 10.0.40219.1
Project("{FAE04EC0-301F-11D3-BF4B-00C04F79EFBC}") = "Server", "Server\Server.csproj", "{64367103-000E-4F2A-B819-251C34D86061}"
EndProject
Project("{FAE04EC0-301F-11D3-BF4B-00C04F79EFBC}") = "Client", "Client\Client.csproj", "{0A7AC87F-A672-440A-B663-88FCCE50D880}"
EndProject
Global
	GlobalSection(SolutionConfigurationPlatforms) = preSolution
		Debug|Any CPU = Debug|Any CPU
		Release|Any CPU = Release|Any CPU
	EndGlobalSection
	GlobalSection(ProjectConfigurationPlatforms) = postSolution
		{64367103-000E-4F2A-B819-251C34D86061}.Debug|Any CPU.ActiveCfg = Debug|Any CPU
		{64367103-000E-4F2A-B819-251C34D86061}.Debug|Any CPU.Build.0 = Debug|Any CPU
		{64367103-000E-4F2A-B819-251C34D86061}.Release|Any CPU.ActiveCfg = Debug|Any CPU
		{64367103-000E-4F2A-B819-251C34D86061}.Release|Any CPU.Build.0 = Debug|Any CPU
		{0A7AC87F-A672-440A-B663-88FCCE50D880}.Debug|Any CPU.ActiveCfg = Debug|Any CPU
		{0A7AC87F-A672-440A-B663-88FCCE50D880}.Debug|Any CPU.Build.0 = Debug|Any CPU
		{0A7AC87F-A672-440A-B663-88FCCE50D880}.Release|Any CPU.ActiveCfg = Release|Any CPU
		{0A7AC87F-A672-440A-B663-88FCCE50D880}.Release|Any CPU.Build.0 = Release|Any CPU
	EndGlobalSection
	GlobalSection(SolutionProperties) = preSolution
		HideSolutionNode = FALSE
	EndGlobalSection
	GlobalSection(ExtensibilityGlobals) = postSolution
		SolutionGuid = {7F6DF5CE-7B8F-4AAD-A86B-ED48BC8A9521}
	EndGlobalSection
EndGlobal
